---
apiVersion: v1
kind: ConfigMap
metadata:
  name: ceph-values-block
  namespace: rook-ceph
data:
  values.yaml: |
    cephBlockPools:
      - name: ceph-blockpool
        spec:
          failureDomain: host
          replicated:
            size: 3
        storageClass:
          enabled: true
          name: ceph-block
          isDefault: false
          reclaimPolicy: Delete
          allowVolumeExpansion: true
          parameters:
            imageFormat: "2"
            imageFeatures: layering
            csi.storage.k8s.io/provisioner-secret-name: rook-csi-rbd-provisioner
            csi.storage.k8s.io/provisioner-secret-namespace: rook-ceph
            csi.storage.k8s.io/controller-expand-secret-name: rook-csi-rbd-provisioner
            csi.storage.k8s.io/controller-expand-secret-namespace: rook-ceph
            csi.storage.k8s.io/node-stage-secret-name: rook-csi-rbd-node
            csi.storage.k8s.io/node-stage-secret-namespace: rook-ceph
            csi.storage.k8s.io/fstype: ext4
      - name: ceph-blockpool-retain
        spec:
          failureDomain: host
          replicated:
            size: 3
        storageClass:
          enabled: true
          name: ceph-block-retain
          isDefault: false
          reclaimPolicy: Retain
          allowVolumeExpansion: true
          parameters:
            imageFormat: "2"
            imageFeatures: layering
            csi.storage.k8s.io/provisioner-secret-name: rook-csi-rbd-provisioner
            csi.storage.k8s.io/provisioner-secret-namespace: rook-ceph
            csi.storage.k8s.io/controller-expand-secret-name: rook-csi-rbd-provisioner
            csi.storage.k8s.io/controller-expand-secret-namespace: rook-ceph
            csi.storage.k8s.io/node-stage-secret-name: rook-csi-rbd-node
            csi.storage.k8s.io/node-stage-secret-namespace: rook-ceph
            csi.storage.k8s.io/fstype: ext4

    cephBlockPoolsVolumeSnapshotClass:
      enabled: true
      name: csi-rook-ceph-block
